
Microsoft Visual Studio Solution File, Format Version 12.00
# Visual Studio Version 17
VisualStudioVersion = 17.0.31521.260
MinimumVisualStudioVersion = 10.0.40219.1
Project("{9A19103F-16F7-4668-BE54-9A1E7A4F7556}") = "ITVitaeSVS.UI.Web", "ITVitaeSVS.UI.Web\ITVitaeSVS.UI.Web.csproj", "{2F058587-A654-448A-8A95-E8C3F273A613}"
EndProject
Project("{2150E333-8FDC-42A3-9474-1A3956D46DE8}") = "src", "src", "{8A6EFCD9-3EEF-4563-9ADD-F1A64878B85A}"
EndProject
Project("{2150E333-8FDC-42A3-9474-1A3956D46DE8}") = "tests", "tests", "{09580B21-C215-44D7-9DC9-C24A41938762}"
EndProject
Project("{9A19103F-16F7-4668-BE54-9A1E7A4F7556}") = "ITVitaeSVS.Infrastructure.Identity", "ITVitaeSVS.Infrastructure.Identity\ITVitaeSVS.Infrastructure.Identity.csproj", "{81BC5AE3-6808-4DBF-9197-6A85C5169B66}"
EndProject
Project("{9A19103F-16F7-4668-BE54-9A1E7A4F7556}") = "ITVitaeSVS.Core.Domain", "ITVitaeSVS.Core.Domain\ITVitaeSVS.Core.Domain.csproj", "{42BE6C32-301B-420C-8573-E0F9F240C13E}"
EndProject
Project("{9A19103F-16F7-4668-BE54-9A1E7A4F7556}") = "ITVitaeSVS.Core.Application", "ITVitaeSVS.Core.Application\ITVitaeSVS.Core.Application.csproj", "{ABE07460-0FD5-4176-8719-492129BACB36}"
EndProject
Project("{9A19103F-16F7-4668-BE54-9A1E7A4F7556}") = "ITVitaeSVS.Infrastructure.Data", "ITVitaeSVS.Infrastructure.Data\ITVitaeSVS.Infrastructure.Data.csproj", "{427B179F-5771-44B8-80A9-40BC61F84A11}"
EndProject
Project("{9A19103F-16F7-4668-BE54-9A1E7A4F7556}") = "ITVitaeSVS.Infrastructure", "ITVitaeSVS.Infrastructure\ITVitaeSVS.Infrastructure.csproj", "{77C494E3-E066-46BC-88D2-21162D956F98}"
EndProject
Project("{9A19103F-16F7-4668-BE54-9A1E7A4F7556}") = "ITVitaeSVS.Tests.UnitTests", "ITVitaeSVS.Tests.UnitTests\ITVitaeSVS.Tests.UnitTests.csproj", "{09F4DE00-7C4D-407F-8C43-34B69DABCC78}"
EndProject
Global
	GlobalSection(SolutionConfigurationPlatforms) = preSolution
		Debug|Any CPU = Debug|Any CPU
		Release|Any CPU = Release|Any CPU
	EndGlobalSection
	GlobalSection(ProjectConfigurationPlatforms) = postSolution
		{2F058587-A654-448A-8A95-E8C3F273A613}.Debug|Any CPU.ActiveCfg = Debug|Any CPU
		{2F058587-A654-448A-8A95-E8C3F273A613}.Debug|Any CPU.Build.0 = Debug|Any CPU
		{2F058587-A654-448A-8A95-E8C3F273A613}.Release|Any CPU.ActiveCfg = Release|Any CPU
		{2F058587-A654-448A-8A95-E8C3F273A613}.Release|Any CPU.Build.0 = Release|Any CPU
		{81BC5AE3-6808-4DBF-9197-6A85C5169B66}.Debug|Any CPU.ActiveCfg = Debug|Any CPU
		{81BC5AE3-6808-4DBF-9197-6A85C5169B66}.Debug|Any CPU.Build.0 = Debug|Any CPU
		{81BC5AE3-6808-4DBF-9197-6A85C5169B66}.Release|Any CPU.ActiveCfg = Release|Any CPU
		{81BC5AE3-6808-4DBF-9197-6A85C5169B66}.Release|Any CPU.Build.0 = Release|Any CPU
		{42BE6C32-301B-420C-8573-E0F9F240C13E}.Debug|Any CPU.ActiveCfg = Debug|Any CPU
		{42BE6C32-301B-420C-8573-E0F9F240C13E}.Debug|Any CPU.Build.0 = Debug|Any CPU
		{42BE6C32-301B-420C-8573-E0F9F240C13E}.Release|Any CPU.ActiveCfg = Release|Any CPU
		{42BE6C32-301B-420C-8573-E0F9F240C13E}.Release|Any CPU.Build.0 = Release|Any CPU
		{ABE07460-0FD5-4176-8719-492129BACB36}.Debug|Any CPU.ActiveCfg = Debug|Any CPU
		{ABE07460-0FD5-4176-8719-492129BACB36}.Debug|Any CPU.Build.0 = Debug|Any CPU
		{ABE07460-0FD5-4176-8719-492129BACB36}.Release|Any CPU.ActiveCfg = Release|Any CPU
		{ABE07460-0FD5-4176-8719-492129BACB36}.Release|Any CPU.Build.0 = Release|Any CPU
		{427B179F-5771-44B8-80A9-40BC61F84A11}.Debug|Any CPU.ActiveCfg = Debug|Any CPU
		{427B179F-5771-44B8-80A9-40BC61F84A11}.Debug|Any CPU.Build.0 = Debug|Any CPU
		{427B179F-5771-44B8-80A9-40BC61F84A11}.Release|Any CPU.ActiveCfg = Release|Any CPU
		{427B179F-5771-44B8-80A9-40BC61F84A11}.Release|Any CPU.Build.0 = Release|Any CPU
		{77C494E3-E066-46BC-88D2-21162D956F98}.Debug|Any CPU.ActiveCfg = Debug|Any CPU
		{77C494E3-E066-46BC-88D2-21162D956F98}.Debug|Any CPU.Build.0 = Debug|Any CPU
		{77C494E3-E066-46BC-88D2-21162D956F98}.Release|Any CPU.ActiveCfg = Release|Any CPU
		{77C494E3-E066-46BC-88D2-21162D956F98}.Release|Any CPU.Build.0 = Release|Any CPU
		{09F4DE00-7C4D-407F-8C43-34B69DABCC78}.Debug|Any CPU.ActiveCfg = Debug|Any CPU
		{09F4DE00-7C4D-407F-8C43-34B69DABCC78}.Debug|Any CPU.Build.0 = Debug|Any CPU
		{09F4DE00-7C4D-407F-8C43-34B69DABCC78}.Release|Any CPU.ActiveCfg = Release|Any CPU
		{09F4DE00-7C4D-407F-8C43-34B69DABCC78}.Release|Any CPU.Build.0 = Release|Any CPU
	EndGlobalSection
	GlobalSection(SolutionProperties) = preSolution
		HideSolutionNode = FALSE
	EndGlobalSection
	GlobalSection(NestedProjects) = preSolution
		{2F058587-A654-448A-8A95-E8C3F273A613} = {8A6EFCD9-3EEF-4563-9ADD-F1A64878B85A}
		{81BC5AE3-6808-4DBF-9197-6A85C5169B66} = {8A6EFCD9-3EEF-4563-9ADD-F1A64878B85A}
		{42BE6C32-301B-420C-8573-E0F9F240C13E} = {8A6EFCD9-3EEF-4563-9ADD-F1A64878B85A}
		{ABE07460-0FD5-4176-8719-492129BACB36} = {8A6EFCD9-3EEF-4563-9ADD-F1A64878B85A}
		{427B179F-5771-44B8-80A9-40BC61F84A11} = {8A6EFCD9-3EEF-4563-9ADD-F1A64878B85A}
		{77C494E3-E066-46BC-88D2-21162D956F98} = {8A6EFCD9-3EEF-4563-9ADD-F1A64878B85A}
		{09F4DE00-7C4D-407F-8C43-34B69DABCC78} = {09580B21-C215-44D7-9DC9-C24A41938762}
	EndGlobalSection
	GlobalSection(ExtensibilityGlobals) = postSolution
		SolutionGuid = {D72B5F53-1494-4908-BD0D-55A22E86BB1D}
	EndGlobalSection
EndGlobal
